// !$*UTF8*$!
{
	archiveVersion = 1;
	classes = {
	};
	objectVersion = 56;
	objects = {

/* Begin PBXBuildFile section */
		AC6078112AF57EC200EEBD5F /* AppDelegate.swift in Sources */ = {isa = PBXBuildFile; fileRef = AC6078102AF57EC200EEBD5F /* AppDelegate.swift */; };
		AC6078132AF57EC200EEBD5F /* SceneDelegate.swift in Sources */ = {isa = PBXBuildFile; fileRef = AC6078122AF57EC200EEBD5F /* SceneDelegate.swift */; };
		AC6078152AF57EC200EEBD5F /* ViewController.swift in Sources */ = {isa = PBXBuildFile; fileRef = AC6078142AF57EC200EEBD5F /* ViewController.swift */; };
		AC6078182AF57EC200EEBD5F /* Main.storyboard in Resources */ = {isa = PBXBuildFile; fileRef = AC6078162AF57EC200EEBD5F /* Main.storyboard */; };
		AC60781A2AF57EC300EEBD5F /* Assets.xcassets in Resources */ = {isa = PBXBuildFile; fileRef = AC6078192AF57EC300EEBD5F /* Assets.xcassets */; };
		AC60781D2AF57EC300EEBD5F /* LaunchScreen.storyboard in Resources */ = {isa = PBXBuildFile; fileRef = AC60781B2AF57EC300EEBD5F /* LaunchScreen.storyboard */; };
		AC6078252AF5856500EEBD5F /* NetworkManager.swift in Sources */ = {isa = PBXBuildFile; fileRef = AC6078242AF5856500EEBD5F /* NetworkManager.swift */; };
		AC6078272AF585A900EEBD5F /* Post.swift in Sources */ = {isa = PBXBuildFile; fileRef = AC6078262AF585A900EEBD5F /* Post.swift */; };
/* End PBXBuildFile section */

/* Begin PBXFileReference section */
		AC60780D2AF57EC200EEBD5F /* SwiftApiWork.app */ = {isa = PBXFileReference; explicitFileType = wrapper.application; includeInIndex = 0; path = SwiftApiWork.app; sourceTree = BUILT_PRODUCTS_DIR; };
		AC6078102AF57EC200EEBD5F /* AppDelegate.swift */ = {isa = PBXFileReference; lastKnownFileType = sourcecode.swift; path = AppDelegate.swift; sourceTree = "<group>"; };
		AC6078122AF57EC200EEBD5F /* SceneDelegate.swift */ = {isa = PBXFileReference; lastKnownFileType = sourcecode.swift; path = SceneDelegate.swift; sourceTree = "<group>"; };
		AC6078142AF57EC200EEBD5F /* ViewController.swift */ = {isa = PBXFileReference; lastKnownFileType = sourcecode.swift; path = ViewController.swift; sourceTree = "<group>"; };
		AC6078172AF57EC200EEBD5F /* Base */ = {isa = PBXFileReference; lastKnownFileType = file.storyboard; name = Base; path = Base.lproj/Main.storyboard; sourceTree = "<group>"; };
		AC6078192AF57EC300EEBD5F /* Assets.xcassets */ = {isa = PBXFileReference; lastKnownFileType = folder.assetcatalog; path = Assets.xcassets; sourceTree = "<group>"; };
		AC60781C2AF57EC300EEBD5F /* Base */ = {isa = PBXFileReference; lastKnownFileType = file.storyboard; name = Base; path = Base.lproj/LaunchScreen.storyboard; sourceTree = "<group>"; };
		AC60781E2AF57EC300EEBD5F /* Info.plist */ = {isa = PBXFileReference; lastKnownFileType = text.plist.xml; path = Info.plist; sourceTree = "<group>"; };
		AC6078242AF5856500EEBD5F /* NetworkManager.swift */ = {isa = PBXFileReference; lastKnownFileType = sourcecode.swift; path = NetworkManager.swift; sourceTree = "<group>"; };
		AC6078262AF585A900EEBD5F /* Post.swift */ = {isa = PBXFileReference; lastKnownFileType = sourcecode.swift; path = Post.swift; sourceTree = "<group>"; };
/* End PBXFileReference section */

/* Begin PBXFrameworksBuildPhase section */
		AC60780A2AF57EC200EEBD5F /* Frameworks */ = {
			isa = PBXFrameworksBuildPhase;
			buildActionMask = 2147483647;
			files = (
			);
			runOnlyForDeploymentPostprocessing = 0;
		};
/* End PBXFrameworksBuildPhase section */

/* Begin PBXGroup section */
		AC22B9632AF58F8F00918961 /* Model */ = {
			isa = PBXGroup;
			children = (
				AC6078262AF585A900EEBD5F /* Post.swift */,
			);
			path = Model;
			sourceTree = "<group>";
		};
		AC22B9642AF58FA800918961 /* ViewController */ = {
			isa = PBXGroup;
			children = (
				AC6078142AF57EC200EEBD5F /* ViewController.swift */,
			);
			path = ViewController;
			sourceTree = "<group>";
		};
		AC6078042AF57EC200EEBD5F = {
			isa = PBXGroup;
			children = (
				AC60780F2AF57EC200EEBD5F /* SwiftApiWork */,
				AC60780E2AF57EC200EEBD5F /* Products */,
			);
			sourceTree = "<group>";
		};
		AC60780E2AF57EC200EEBD5F /* Products */ = {
			isa = PBXGroup;
			children = (
				AC60780D2AF57EC200EEBD5F /* SwiftApiWork.app */,
			);
			name = Products;
			sourceTree = "<group>";
		};
		AC60780F2AF57EC200EEBD5F /* SwiftApiWork */ = {
			isa = PBXGroup;
			children = (
				AC6078102AF57EC200EEBD5F /* AppDelegate.swift */,
				AC6078122AF57EC200EEBD5F /* SceneDelegate.swift */,
				AC22B9642AF58FA800918961 /* ViewController */,
				AC22B9632AF58F8F00918961 /* Model */,
				AC6078242AF5856500EEBD5F /* NetworkManager.swift */,
				AC6078162AF57EC200EEBD5F /* Main.storyboard */,
				AC6078192AF57EC300EEBD5F /* Assets.xcassets */,
				AC60781B2AF57EC300EEBD5F /* LaunchScreen.storyboard */,
				AC60781E2AF57EC300EEBD5F /* Info.plist */,
			);
			path = SwiftApiWork;
			sourceTree = "<group>";
		};
/* End PBXGroup section */

/* Begin PBXNativeTarget section */
		AC60780C2AF57EC200EEBD5F /* SwiftApiWork */ = {
			isa = PBXNativeTarget;
			buildConfigurationList = AC6078212AF57EC300EEBD5F /* Build configuration list for PBXNativeTarget "SwiftApiWork" */;
			buildPhases = (
				AC6078092AF57EC200EEBD5F /* Sources */,
				AC60780A2AF57EC200EEBD5F /* Frameworks */,
				AC60780B2AF57EC200EEBD5F /* Resources */,
			);
			buildRules = (
			);
			dependencies = (
			);
			name = SwiftApiWork;
			productName = SwiftApiWork;
			productReference = AC60780D2AF57EC200EEBD5F /* SwiftApiWork.app */;
			productType = "com.apple.product-type.application";
		};
/* End PBXNativeTarget section */

/* Begin PBXProject section */
		AC6078052AF57EC200EEBD5F /* Project object */ = {
			isa = PBXProject;
			attributes = {
				BuildIndependentTargetsInParallel = 1;
				LastSwiftUpdateCheck = 1500;
				LastUpgradeCheck = 1500;
				TargetAttributes = {
					AC60780C2AF57EC200EEBD5F = {
						CreatedOnToolsVersion = 15.0.1;
					};
				};
			};
			buildConfigurationList = AC6078082AF57EC200EEBD5F /* Build configuration list for PBXProject "SwiftApiWork" */;
			compatibilityVersion = "Xcode 14.0";
			developmentRegion = en;
			hasScannedForEncodings = 0;
			knownRegions = (
				en,
				Base,
			);
			mainGroup = AC6078042AF57EC200EEBD5F;
			productRefGroup = AC60780E2AF57EC200EEBD5F /* Products */;
			projectDirPath = "";
			projectRoot = "";
			targets = (
				AC60780C2AF57EC200EEBD5F /* SwiftApiWork */,
			);
		};
/* End PBXProject section */

/* Begin PBXResourcesBuildPhase section */
		AC60780B2AF57EC200EEBD5F /* Resources */ = {
			isa = PBXResourcesBuildPhase;
			buildActionMask = 2147483647;
			files = (
				AC60781D2AF57EC300EEBD5F /* LaunchScreen.storyboard in Resources */,
				AC60781A2AF57EC300EEBD5F /* Assets.xcassets in Resources */,
				AC6078182AF57EC200EEBD5F /* Main.storyboard in Resources */,
			);
			runOnlyForDeploymentPostprocessing = 0;
		};
/* End PBXResourcesBuildPhase section */

/* Begin PBXSourcesBuildPhase section */
		AC6078092AF57EC200EEBD5F /* Sources */ = {
			isa = PBXSourcesBuildPhase;
			buildActionMask = 2147483647;
			files = (
				AC6078252AF5856500EEBD5F /* NetworkManager.swift in Sources */,
				AC6078152AF57EC200EEBD5F /* ViewController.swift in Sources */,
				AC6078112AF57EC200EEBD5F /* AppDelegate.swift in Sources */,
				AC6078132AF57EC200EEBD5F /* SceneDelegate.swift in Sources */,
				AC6078272AF585A900EEBD5F /* Post.swift in Sources */,
			);
			runOnlyForDeploymentPostprocessing = 0;
		};
/* End PBXSourcesBuildPhase section */

/* Begin PBXVariantGroup section */
		AC6078162AF57EC200EEBD5F /* Main.storyboard */ = {
			isa = PBXVariantGroup;
			children = (
				AC6078172AF57EC200EEBD5F /* Base */,
			);
			name = Main.storyboard;
			sourceTree = "<group>";
		};
		AC60781B2AF57EC300EEBD5F /* LaunchScreen.storyboard */ = {
			isa = PBXVariantGroup;
			children = (
				AC60781C2AF57EC300EEBD5F /* Base */,
			);
			name = LaunchScreen.storyboard;
			sourceTree = "<group>";
		};
/* End PBXVariantGroup section */

/* Begin XCBuildConfiguration section */
		AC60781F2AF57EC300EEBD5F /* Debug */ = {
			isa = XCBuildConfiguration;
			buildSettings = {
				ALWAYS_SEARCH_USER_PATHS = NO;
				ASSETCATALOG_COMPILER_GENERATE_SWIFT_ASSET_SYMBOL_EXTENSIONS = YES;
				CLANG_ANALYZER_NONNULL = YES;
				CLANG_ANALYZER_NUMBER_OBJECT_CONVERSION = YES_AGGRESSIVE;
				CLANG_CXX_LANGUAGE_STANDARD = "gnu++20";
				CLANG_ENABLE_MODULES = YES;
				CLANG_ENABLE_OBJC_ARC = YES;
				CLANG_ENABLE_OBJC_WEAK = YES;
				CLANG_WARN_BLOCK_CAPTURE_AUTORELEASING = YES;
				CLANG_WARN_BOOL_CONVERSION = YES;
				CLANG_WARN_COMMA = YES;
				CLANG_WARN_CONSTANT_CONVERSION = YES;
				CLANG_WARN_DEPRECATED_OBJC_IMPLEMENTATIONS = YES;
				CLANG_WARN_DIRECT_OBJC_ISA_USAGE = YES_ERROR;
				CLANG_WARN_DOCUMENTATION_COMMENTS = YES;
				CLANG_WARN_EMPTY_BODY = YES;
				CLANG_WARN_ENUM_CONVERSION = YES;
				CLANG_WARN_INFINITE_RECURSION = YES;
				CLANG_WARN_INT_CONVERSION = YES;
				CLANG_WARN_NON_LITERAL_NULL_CONVERSION = YES;
				CLANG_WARN_OBJC_IMPLICIT_RETAIN_SELF = YES;
				CLANG_WARN_OBJC_LITERAL_CONVERSION = YES;
				CLANG_WARN_OBJC_ROOT_CLASS = YES_ERROR;
				CLANG_WARN_QUOTED_INCLUDE_IN_FRAMEWORK_HEADER = YES;
				CLANG_WARN_RANGE_LOOP_ANALYSIS = YES;
				CLANG_WARN_STRICT_PROTOTYPES = YES;
				CLANG_WARN_SUSPICIOUS_MOVE = YES;
				CLANG_WARN_UNGUARDED_AVAILABILITY = YES_AGGRESSIVE;
				CLANG_WARN_UNREACHABLE_CODE = YES;
				CLANG_WARN__DUPLICATE_METHOD_MATCH = YES;
				COPY_PHASE_STRIP = NO;
				DEBUG_INFORMATION_FORMAT = dwarf;
				ENABLE_STRICT_OBJC_MSGSEND = YES;
				ENABLE_TESTABILITY = YES;
				ENABLE_USER_SCRIPT_SANDBOXING = YES;
				GCC_C_LANGUAGE_STANDARD = gnu17;
				GCC_DYNAMIC_NO_PIC = NO;
				GCC_NO_COMMON_BLOCKS = YES;
				GCC_OPTIMIZATION_LEVEL = 0;
				GCC_PREPROCESSOR_DEFINITIONS = (
					"DEBUG=1",
					"$(inherited)",
				);
				GCC_WARN_64_TO_32_BIT_CONVERSION = YES;
				GCC_WARN_ABOUT_RETURN_TYPE = YES_ERROR;
				GCC_WARN_UNDECLARED_SELECTOR = YES;
				GCC_WARN_UNINITIALIZED_AUTOS = YES_AGGRESSIVE;
				GCC_WARN_UNUSED_FUNCTION = YES;
				GCC_WARN_UNUSED_VARIABLE = YES;
				IPHONEOS_DEPLOYMENT_TARGET = 17.0;
				LOCALIZATION_PREFERS_STRING_CATALOGS = YES;
				MTL_ENABLE_DEBUG_INFO = INCLUDE_SOURCE;
				MTL_FAST_MATH = YES;
				ONLY_ACTIVE_ARCH = YES;
				SDKROOT = iphoneos;
				SWIFT_ACTIVE_COMPILATION_CONDITIONS = "DEBUG $(inherited)";
				SWIFT_OPTIMIZATION_LEVEL = "-Onone";
			};
			name = Debug;
		};
		AC6078202AF57EC300EEBD5F /* Release */ = {
			isa = XCBuildConfiguration;
			buildSettings = {
				ALWAYS_SEARCH_USER_PATHS = NO;
				ASSETCATALOG_COMPILER_GENERATE_SWIFT_ASSET_SYMBOL_EXTENSIONS = YES;
				CLANG_ANALYZER_NONNULL = YES;
				CLANG_ANALYZER_NUMBER_OBJECT_CONVERSION = YES_AGGRESSIVE;
				CLANG_CXX_LANGUAGE_STANDARD = "gnu++20";
				CLANG_ENABLE_MODULES = YES;
				CLANG_ENABLE_OBJC_ARC = YES;
				CLANG_ENABLE_OBJC_WEAK = YES;
				CLANG_WARN_BLOCK_CAPTURE_AUTORELEASING = YES;
				CLANG_WARN_BOOL_CONVERSION = YES;
				CLANG_WARN_COMMA = YES;
				CLANG_WARN_CONSTANT_CONVERSION = YES;
				CLANG_WARN_DEPRECATED_OBJC_IMPLEMENTATIONS = YES;
				CLANG_WARN_DIRECT_OBJC_ISA_USAGE = YES_ERROR;
				CLANG_WARN_DOCUMENTATION_COMMENTS = YES;
				CLANG_WARN_EMPTY_BODY = YES;
				CLANG_WARN_ENUM_CONVERSION = YES;
				CLANG_WARN_INFINITE_RECURSION = YES;
				CLANG_WARN_INT_CONVERSION = YES;
				CLANG_WARN_NON_LITERAL_NULL_CONVERSION = YES;
				CLANG_WARN_OBJC_IMPLICIT_RETAIN_SELF = YES;
				CLANG_WARN_OBJC_LITERAL_CONVERSION = YES;
				CLANG_WARN_OBJC_ROOT_CLASS = YES_ERROR;
				CLANG_WARN_QUOTED_INCLUDE_IN_FRAMEWORK_HEADER = YES;
				CLANG_WARN_RANGE_LOOP_ANALYSIS = YES;
				CLANG_WARN_STRICT_PROTOTYPES = YES;
				CLANG_WARN_SUSPICIOUS_MOVE = YES;
				CLANG_WARN_UNGUARDED_AVAILABILITY = YES_AGGRESSIVE;
				CLANG_WARN_UNREACHABLE_CODE = YES;
				CLANG_WARN__DUPLICATE_METHOD_MATCH = YES;
				COPY_PHASE_STRIP = NO;
				DEBUG_INFORMATION_FORMAT = "dwarf-with-dsym";
				ENABLE_NS_ASSERTIONS = NO;
				ENABLE_STRICT_OBJC_MSGSEND = YES;
				ENABLE_USER_SCRIPT_SANDBOXING = YES;
				GCC_C_LANGUAGE_STANDARD = gnu17;
				GCC_NO_COMMON_BLOCKS = YES;
				GCC_WARN_64_TO_32_BIT_CONVERSION = YES;
				GCC_WARN_ABOUT_RETURN_TYPE = YES_ERROR;
				GCC_WARN_UNDECLARED_SELECTOR = YES;
				GCC_WARN_UNINITIALIZED_AUTOS = YES_AGGRESSIVE;
				GCC_WARN_UNUSED_FUNCTION = YES;
				GCC_WARN_UNUSED_VARIABLE = YES;
				IPHONEOS_DEPLOYMENT_TARGET = 17.0;
				LOCALIZATION_PREFERS_STRING_CATALOGS = YES;
				MTL_ENABLE_DEBUG_INFO = NO;
				MTL_FAST_MATH = YES;
				SDKROOT = iphoneos;
				SWIFT_COMPILATION_MODE = wholemodule;
				VALIDATE_PRODUCT = YES;
			};
			name = Release;
		};
		AC6078222AF57EC300EEBD5F /* Debug */ = {
			isa = XCBuildConfiguration;
			buildSettings = {
				ASSETCATALOG_COMPILER_APPICON_NAME = AppIcon;
				ASSETCATALOG_COMPILER_GLOBAL_ACCENT_COLOR_NAME = AccentColor;
				CODE_SIGN_STYLE = Automatic;
				CURRENT_PROJECT_VERSION = 1;
				DEVELOPMENT_TEAM = ZGTTQM4FA8;
				GENERATE_INFOPLIST_FILE = YES;
				INFOPLIST_FILE = SwiftApiWork/Info.plist;
				INFOPLIST_KEY_UIApplicationSupportsIndirectInputEvents = YES;
				INFOPLIST_KEY_UILaunchStoryboardName = LaunchScreen;
				INFOPLIST_KEY_UIMainStoryboardFile = Main;
				INFOPLIST_KEY_UISupportedInterfaceOrientations_iPad = "UIInterfaceOrientationPortrait UIInterfaceOrientationPortraitUpsideDown UIInterfaceOrientationLandscapeLeft UIInterfaceOrientationLandscapeRight";
				INFOPLIST_KEY_UISupportedInterfaceOrientations_iPhone = "UIInterfaceOrientationPortrait UIInterfaceOrientationLandscapeLeft UIInterfaceOrientationLandscapeRight";
				LD_RUNPATH_SEARCH_PATHS = (
					"$(inherited)",
					"@executable_path/Frameworks",
				);
				MARKETING_VERSION = 1.0;
				PRODUCT_BUNDLE_IDENTIFIER = MyOrganization.SwiftApiWork;
				PRODUCT_NAME = "$(TARGET_NAME)";
				SWIFT_EMIT_LOC_STRINGS = YES;
				SWIFT_VERSION = 5.0;
				TARGETED_DEVICE_FAMILY = "1,2";
			};
			name = Debug;
		};
		AC6078232AF57EC300EEBD5F /* Release */ = {
			isa = XCBuildConfiguration;
			buildSettings = {
				ASSETCATALOG_COMPILER_APPICON_NAME = AppIcon;
				ASSETCATALOG_COMPILER_GLOBAL_ACCENT_COLOR_NAME = AccentColor;
				CODE_SIGN_STYLE = Automatic;
				CURRENT_PROJECT_VERSION = 1;
				DEVELOPMENT_TEAM = ZGTTQM4FA8;
				GENERATE_INFOPLIST_FILE = YES;
				INFOPLIST_FILE = SwiftApiWork/Info.plist;
				INFOPLIST_KEY_UIApplicationSupportsIndirectInputEvents = YES;
				INFOPLIST_KEY_UILaunchStoryboardName = LaunchScreen;
				INFOPLIST_KEY_UIMainStoryboardFile = Main;
				INFOPLIST_KEY_UISupportedInterfaceOrientations_iPad = "UIInterfaceOrientationPortrait UIInterfaceOrientationPortraitUpsideDown UIInterfaceOrientationLandscapeLeft UIInterfaceOrientationLandscapeRight";
				INFOPLIST_KEY_UISupportedInterfaceOrientations_iPhone = "UIInterfaceOrientationPortrait UIInterfaceOrientationLandscapeLeft UIInterfaceOrientationLandscapeRight";
				LD_RUNPATH_SEARCH_PATHS = (
					"$(inherited)",
					"@executable_path/Frameworks",
				);
				MARKETING_VERSION = 1.0;
				PRODUCT_BUNDLE_IDENTIFIER = MyOrganization.SwiftApiWork;
				PRODUCT_NAME = "$(TARGET_NAME)";
				SWIFT_EMIT_LOC_STRINGS = YES;
				SWIFT_VERSION = 5.0;
				TARGETED_DEVICE_FAMILY = "1,2";
			};
			name = Release;
		};
/* End XCBuildConfiguration section */

/* Begin XCConfigurationList section */
		AC6078082AF57EC200EEBD5F /* Build configuration list for PBXProject "SwiftApiWork" */ = {
			isa = XCConfigurationList;
			buildConfigurations = (
				AC60781F2AF57EC300EEBD5F /* Debug */,
				AC6078202AF57EC300EEBD5F /* Release */,
			);
			defaultConfigurationIsVisible = 0;
			defaultConfigurationName = Release;
		};
		AC6078212AF57EC300EEBD5F /* Build configuration list for PBXNativeTarget "SwiftApiWork" */ = {
			isa = XCConfigurationList;
			buildConfigurations = (
				AC6078222AF57EC300EEBD5F /* Debug */,
				AC6078232AF57EC300EEBD5F /* Release */,
			);
			defaultConfigurationIsVisible = 0;
			defaultConfigurationName = Release;
		};
/* End XCConfigurationList section */
	};
	rootObject = AC6078052AF57EC200EEBD5F /* Project object */;
}
